
Microsoft Visual Studio Solution File, Format Version 12.00
# Visual Studio Version 17
VisualStudioVersion = 17.0.32126.317
MinimumVisualStudioVersion = 10.0.40219.1
Project("{FAE04EC0-301F-11D3-BF4B-00C04F79EFBC}") = "AzureIoTDemo", "AzureIoTDemo\AzureIoTDemo.csproj", "{DF14ED5B-A36E-4C44-9677-5ECA34E14E7A}"
EndProject
Global
	GlobalSection(SolutionConfigurationPlatforms) = preSolution
		Debug|Any CPU = Debug|Any CPU
		Release|Any CPU = Release|Any CPU
	EndGlobalSection
	GlobalSection(ProjectConfigurationPlatforms) = postSolution
		{DF14ED5B-A36E-4C44-9677-5ECA34E14E7A}.Debug|Any CPU.ActiveCfg = Debug|Any CPU
		{DF14ED5B-A36E-4C44-9677-5ECA34E14E7A}.Debug|Any CPU.Build.0 = Debug|Any CPU
		{DF14ED5B-A36E-4C44-9677-5ECA34E14E7A}.Release|Any CPU.ActiveCfg = Release|Any CPU
		{DF14ED5B-A36E-4C44-9677-5ECA34E14E7A}.Release|Any CPU.Build.0 = Release|Any CPU
	EndGlobalSection
	GlobalSection(SolutionProperties) = preSolution
		HideSolutionNode = FALSE
	EndGlobalSection
	GlobalSection(ExtensibilityGlobals) = postSolution
		SolutionGuid = {6C31075B-1EB5-4400-BC1E-7DDEE92ED578}
	EndGlobalSection
EndGlobal
